// !$*UTF8*$!
{
	archiveVersion = 1;
	classes = {
	};
	objectVersion = 56;
	objects = {

/* Begin PBXBuildFile section */
		4C03BE072C473DD500701FAD /* ImageLoader.swift in Sources */ = {isa = PBXBuildFile; fileRef = 4C03BE062C473DD500701FAD /* ImageLoader.swift */; };
		4C59C9C42C4882260060F88A /* PokemonDetailView.swift in Sources */ = {isa = PBXBuildFile; fileRef = 4C59C9C32C4882260060F88A /* PokemonDetailView.swift */; };
		4C65260B2C496CB500F1BDBB /* PokemonDetailViewModel.swift in Sources */ = {isa = PBXBuildFile; fileRef = 4C65260A2C496CB500F1BDBB /* PokemonDetailViewModel.swift */; };
		4C6BDABD2C483E3300AA6CD9 /* FooterLoadingCollectionReusableView.swift in Sources */ = {isa = PBXBuildFile; fileRef = 4C6BDABC2C483E3300AA6CD9 /* FooterLoadingCollectionReusableView.swift */; };
		4C6BDAC12C48453F00AA6CD9 /* PokemonDetailViewController.swift in Sources */ = {isa = PBXBuildFile; fileRef = 4C6BDAC02C48453F00AA6CD9 /* PokemonDetailViewController.swift */; };
		4C79AEA72C40501D0007480E /* UIImage+Extensions.swift in Sources */ = {isa = PBXBuildFile; fileRef = 4C79AEA62C40501D0007480E /* UIImage+Extensions.swift */; };
		4C79AEAA2C40797E0007480E /* ApiService.swift in Sources */ = {isa = PBXBuildFile; fileRef = 4C79AEA92C40797E0007480E /* ApiService.swift */; };
		4C79AEAC2C4080E70007480E /* Request.swift in Sources */ = {isa = PBXBuildFile; fileRef = 4C79AEAB2C4080E70007480E /* Request.swift */; };
		4C79AEAE2C4081020007480E /* Endpoint.swift in Sources */ = {isa = PBXBuildFile; fileRef = 4C79AEAD2C4081020007480E /* Endpoint.swift */; };
		4C8A9DF92C45749B007E31B8 /* PokemonCollectionViewCell.swift in Sources */ = {isa = PBXBuildFile; fileRef = 4C8A9DF82C45749B007E31B8 /* PokemonCollectionViewCell.swift */; };
		4C8A9DFB2C457BAC007E31B8 /* PokemonCollectionViewCellViewModel.swift in Sources */ = {isa = PBXBuildFile; fileRef = 4C8A9DFA2C457BAC007E31B8 /* PokemonCollectionViewCellViewModel.swift */; };
		4C93A9D52C3DAEFE00423493 /* AppDelegate.swift in Sources */ = {isa = PBXBuildFile; fileRef = 4C93A9D42C3DAEFE00423493 /* AppDelegate.swift */; };
		4C93A9D72C3DAEFE00423493 /* SceneDelegate.swift in Sources */ = {isa = PBXBuildFile; fileRef = 4C93A9D62C3DAEFE00423493 /* SceneDelegate.swift */; };
		4C93A9D92C3DAEFE00423493 /* TabBarViewController.swift in Sources */ = {isa = PBXBuildFile; fileRef = 4C93A9D82C3DAEFE00423493 /* TabBarViewController.swift */; };
		4C93A9DE2C3DAF0000423493 /* Assets.xcassets in Resources */ = {isa = PBXBuildFile; fileRef = 4C93A9DD2C3DAF0000423493 /* Assets.xcassets */; };
		4C93A9E12C3DAF0000423493 /* Base in Resources */ = {isa = PBXBuildFile; fileRef = 4C93A9E02C3DAF0000423493 /* Base */; };
		4C93A9EB2C3DCBE200423493 /* PokemonListViewController.swift in Sources */ = {isa = PBXBuildFile; fileRef = 4C93A9EA2C3DCBE200423493 /* PokemonListViewController.swift */; };
		4C93A9ED2C3DCBF600423493 /* SettingsViewController.swift in Sources */ = {isa = PBXBuildFile; fileRef = 4C93A9EC2C3DCBF600423493 /* SettingsViewController.swift */; };
		4C93A9EF2C3DCC1500423493 /* FavoriteListViewController.swift in Sources */ = {isa = PBXBuildFile; fileRef = 4C93A9EE2C3DCC1500423493 /* FavoriteListViewController.swift */; };
		4C93A9F12C3DCC2900423493 /* CapturesViewController.swift in Sources */ = {isa = PBXBuildFile; fileRef = 4C93A9F02C3DCC2900423493 /* CapturesViewController.swift */; };
		BF1610422C42F78000C39DB6 /* GetAllPokemonResponse.swift in Sources */ = {isa = PBXBuildFile; fileRef = BF1610412C42F78000C39DB6 /* GetAllPokemonResponse.swift */; };
		BF1610452C42F7B200C39DB6 /* Pokemon.swift in Sources */ = {isa = PBXBuildFile; fileRef = BF1610442C42F7B200C39DB6 /* Pokemon.swift */; };
		BF1610472C4306AA00C39DB6 /* PokemonListView.swift in Sources */ = {isa = PBXBuildFile; fileRef = BF1610462C4306AA00C39DB6 /* PokemonListView.swift */; };
		BF21A2152C431A4300705597 /* UIView+Extensions.swift in Sources */ = {isa = PBXBuildFile; fileRef = BF21A2142C431A4300705597 /* UIView+Extensions.swift */; };
		BF5860B42C42E97200D8FD06 /* PokemonListViewModel.swift in Sources */ = {isa = PBXBuildFile; fileRef = BF5860B32C42E97200D8FD06 /* PokemonListViewModel.swift */; };
		BF7E68C92C4D94C2003F28BE /* PokemonPhotoViewCellViewModel.swift in Sources */ = {isa = PBXBuildFile; fileRef = BF7E68C82C4D94C2003F28BE /* PokemonPhotoViewCellViewModel.swift */; };
		BF7E68CB2C4DA40E003F28BE /* PokemonPhotoCollectionViewCell.swift in Sources */ = {isa = PBXBuildFile; fileRef = BF7E68CA2C4DA40E003F28BE /* PokemonPhotoCollectionViewCell.swift */; };
/* End PBXBuildFile section */

/* Begin PBXFileReference section */
		4C03BE062C473DD500701FAD /* ImageLoader.swift */ = {isa = PBXFileReference; lastKnownFileType = sourcecode.swift; path = ImageLoader.swift; sourceTree = "<group>"; };
		4C59C9C32C4882260060F88A /* PokemonDetailView.swift */ = {isa = PBXFileReference; lastKnownFileType = sourcecode.swift; path = PokemonDetailView.swift; sourceTree = "<group>"; };
		4C65260A2C496CB500F1BDBB /* PokemonDetailViewModel.swift */ = {isa = PBXFileReference; lastKnownFileType = sourcecode.swift; path = PokemonDetailViewModel.swift; sourceTree = "<group>"; };
		4C6BDABC2C483E3300AA6CD9 /* FooterLoadingCollectionReusableView.swift */ = {isa = PBXFileReference; lastKnownFileType = sourcecode.swift; path = FooterLoadingCollectionReusableView.swift; sourceTree = "<group>"; };
		4C6BDAC02C48453F00AA6CD9 /* PokemonDetailViewController.swift */ = {isa = PBXFileReference; lastKnownFileType = sourcecode.swift; path = PokemonDetailViewController.swift; sourceTree = "<group>"; };
		4C79AEA62C40501D0007480E /* UIImage+Extensions.swift */ = {isa = PBXFileReference; lastKnownFileType = sourcecode.swift; path = "UIImage+Extensions.swift"; sourceTree = "<group>"; };
		4C79AEA92C40797E0007480E /* ApiService.swift */ = {isa = PBXFileReference; lastKnownFileType = sourcecode.swift; path = ApiService.swift; sourceTree = "<group>"; };
		4C79AEAB2C4080E70007480E /* Request.swift */ = {isa = PBXFileReference; lastKnownFileType = sourcecode.swift; path = Request.swift; sourceTree = "<group>"; };
		4C79AEAD2C4081020007480E /* Endpoint.swift */ = {isa = PBXFileReference; lastKnownFileType = sourcecode.swift; path = Endpoint.swift; sourceTree = "<group>"; };
		4C8A9DF82C45749B007E31B8 /* PokemonCollectionViewCell.swift */ = {isa = PBXFileReference; lastKnownFileType = sourcecode.swift; path = PokemonCollectionViewCell.swift; sourceTree = "<group>"; };
		4C8A9DFA2C457BAC007E31B8 /* PokemonCollectionViewCellViewModel.swift */ = {isa = PBXFileReference; lastKnownFileType = sourcecode.swift; path = PokemonCollectionViewCellViewModel.swift; sourceTree = "<group>"; };
		4C93A9D12C3DAEFE00423493 /* PokedexApi.app */ = {isa = PBXFileReference; explicitFileType = wrapper.application; includeInIndex = 0; path = PokedexApi.app; sourceTree = BUILT_PRODUCTS_DIR; };
		4C93A9D42C3DAEFE00423493 /* AppDelegate.swift */ = {isa = PBXFileReference; lastKnownFileType = sourcecode.swift; path = AppDelegate.swift; sourceTree = "<group>"; };
		4C93A9D62C3DAEFE00423493 /* SceneDelegate.swift */ = {isa = PBXFileReference; lastKnownFileType = sourcecode.swift; path = SceneDelegate.swift; sourceTree = "<group>"; };
		4C93A9D82C3DAEFE00423493 /* TabBarViewController.swift */ = {isa = PBXFileReference; lastKnownFileType = sourcecode.swift; path = TabBarViewController.swift; sourceTree = "<group>"; };
		4C93A9DD2C3DAF0000423493 /* Assets.xcassets */ = {isa = PBXFileReference; lastKnownFileType = folder.assetcatalog; path = Assets.xcassets; sourceTree = "<group>"; };
		4C93A9E02C3DAF0000423493 /* Base */ = {isa = PBXFileReference; lastKnownFileType = file.storyboard; name = Base; path = Base.lproj/LaunchScreen.storyboard; sourceTree = "<group>"; };
		4C93A9E22C3DAF0000423493 /* Info.plist */ = {isa = PBXFileReference; lastKnownFileType = text.plist.xml; path = Info.plist; sourceTree = "<group>"; };
		4C93A9EA2C3DCBE200423493 /* PokemonListViewController.swift */ = {isa = PBXFileReference; lastKnownFileType = sourcecode.swift; path = PokemonListViewController.swift; sourceTree = "<group>"; };
		4C93A9EC2C3DCBF600423493 /* SettingsViewController.swift */ = {isa = PBXFileReference; lastKnownFileType = sourcecode.swift; path = SettingsViewController.swift; sourceTree = "<group>"; };
		4C93A9EE2C3DCC1500423493 /* FavoriteListViewController.swift */ = {isa = PBXFileReference; lastKnownFileType = sourcecode.swift; path = FavoriteListViewController.swift; sourceTree = "<group>"; };
		4C93A9F02C3DCC2900423493 /* CapturesViewController.swift */ = {isa = PBXFileReference; lastKnownFileType = sourcecode.swift; path = CapturesViewController.swift; sourceTree = "<group>"; };
		BF1610412C42F78000C39DB6 /* GetAllPokemonResponse.swift */ = {isa = PBXFileReference; lastKnownFileType = sourcecode.swift; path = GetAllPokemonResponse.swift; sourceTree = "<group>"; };
		BF1610442C42F7B200C39DB6 /* Pokemon.swift */ = {isa = PBXFileReference; lastKnownFileType = sourcecode.swift; path = Pokemon.swift; sourceTree = "<group>"; };
		BF1610462C4306AA00C39DB6 /* PokemonListView.swift */ = {isa = PBXFileReference; lastKnownFileType = sourcecode.swift; path = PokemonListView.swift; sourceTree = "<group>"; };
		BF21A2142C431A4300705597 /* UIView+Extensions.swift */ = {isa = PBXFileReference; lastKnownFileType = sourcecode.swift; path = "UIView+Extensions.swift"; sourceTree = "<group>"; };
		BF5860B32C42E97200D8FD06 /* PokemonListViewModel.swift */ = {isa = PBXFileReference; lastKnownFileType = sourcecode.swift; path = PokemonListViewModel.swift; sourceTree = "<group>"; };
		BF7E68C82C4D94C2003F28BE /* PokemonPhotoViewCellViewModel.swift */ = {isa = PBXFileReference; lastKnownFileType = sourcecode.swift; path = PokemonPhotoViewCellViewModel.swift; sourceTree = "<group>"; };
		BF7E68CA2C4DA40E003F28BE /* PokemonPhotoCollectionViewCell.swift */ = {isa = PBXFileReference; lastKnownFileType = sourcecode.swift; path = PokemonPhotoCollectionViewCell.swift; sourceTree = "<group>"; };
/* End PBXFileReference section */

/* Begin PBXFrameworksBuildPhase section */
		4C93A9CE2C3DAEFE00423493 /* Frameworks */ = {
			isa = PBXFrameworksBuildPhase;
			buildActionMask = 2147483647;
			files = (
			);
			runOnlyForDeploymentPostprocessing = 0;
		};
/* End PBXFrameworksBuildPhase section */

/* Begin PBXGroup section */
		4C03BE052C473DBA00701FAD /* Manager */ = {
			isa = PBXGroup;
			children = (
				4C03BE062C473DD500701FAD /* ImageLoader.swift */,
			);
			path = Manager;
			sourceTree = "<group>";
		};
		4C6BDABE2C48447C00AA6CD9 /* Other */ = {
			isa = PBXGroup;
			children = (
				4C6BDAC02C48453F00AA6CD9 /* PokemonDetailViewController.swift */,
			);
			path = Other;
			sourceTree = "<group>";
		};
		4C6BDABF2C48448700AA6CD9 /* Core */ = {
			isa = PBXGroup;
			children = (
				4C93A9D82C3DAEFE00423493 /* TabBarViewController.swift */,
				4C93A9F02C3DCC2900423493 /* CapturesViewController.swift */,
				4C93A9EA2C3DCBE200423493 /* PokemonListViewController.swift */,
				4C93A9EC2C3DCBF600423493 /* SettingsViewController.swift */,
				4C93A9EE2C3DCC1500423493 /* FavoriteListViewController.swift */,
			);
			path = Core;
			sourceTree = "<group>";
		};
		4C79AEA52C4050000007480E /* Extensions */ = {
			isa = PBXGroup;
			children = (
				4C79AEA62C40501D0007480E /* UIImage+Extensions.swift */,
				BF21A2142C431A4300705597 /* UIView+Extensions.swift */,
			);
			path = Extensions;
			sourceTree = "<group>";
		};
		4C79AEA82C40796B0007480E /* ApiClient */ = {
			isa = PBXGroup;
			children = (
				4C79AEA92C40797E0007480E /* ApiService.swift */,
				4C79AEAB2C4080E70007480E /* Request.swift */,
				4C79AEAD2C4081020007480E /* Endpoint.swift */,
			);
			path = ApiClient;
			sourceTree = "<group>";
		};
		4C93A9C82C3DAEFE00423493 = {
			isa = PBXGroup;
			children = (
				4C93A9D32C3DAEFE00423493 /* PokedexApi */,
				4C93A9D22C3DAEFE00423493 /* Products */,
			);
			sourceTree = "<group>";
		};
		4C93A9D22C3DAEFE00423493 /* Products */ = {
			isa = PBXGroup;
			children = (
				4C93A9D12C3DAEFE00423493 /* PokedexApi.app */,
			);
			name = Products;
			sourceTree = "<group>";
		};
		4C93A9D32C3DAEFE00423493 /* PokedexApi */ = {
			isa = PBXGroup;
			children = (
				4C79AEA82C40796B0007480E /* ApiClient */,
				4C93A9E92C3DC99D00423493 /* Controller */,
				4C79AEA52C4050000007480E /* Extensions */,
				4C93A9E22C3DAF0000423493 /* Info.plist */,
				4C03BE052C473DBA00701FAD /* Manager */,
				BF16103F2C42F72600C39DB6 /* Model */,
				4C93A9E82C3DB25C00423493 /* Resources */,
				BF5860B12C42E85200D8FD06 /* View */,
				BF5860B22C42E95900D8FD06 /* ViewModel */,
			);
			path = PokedexApi;
			sourceTree = "<group>";
		};
		4C93A9E82C3DB25C00423493 /* Resources */ = {
			isa = PBXGroup;
			children = (
				4C93A9D42C3DAEFE00423493 /* AppDelegate.swift */,
				4C93A9D62C3DAEFE00423493 /* SceneDelegate.swift */,
				4C93A9DD2C3DAF0000423493 /* Assets.xcassets */,
				4C93A9DF2C3DAF0000423493 /* LaunchScreen.storyboard */,
			);
			path = Resources;
			sourceTree = "<group>";
		};
		4C93A9E92C3DC99D00423493 /* Controller */ = {
			isa = PBXGroup;
			children = (
				4C6BDABF2C48448700AA6CD9 /* Core */,
				4C6BDABE2C48447C00AA6CD9 /* Other */,
			);
			path = Controller;
			sourceTree = "<group>";
		};
		BF16103F2C42F72600C39DB6 /* Model */ = {
			isa = PBXGroup;
			children = (
				BF1610432C42F7A300C39DB6 /* DataTypes */,
				BF1610402C42F73900C39DB6 /* ApiResponseType */,
			);
			path = Model;
			sourceTree = "<group>";
		};
		BF1610402C42F73900C39DB6 /* ApiResponseType */ = {
			isa = PBXGroup;
			children = (
				BF1610412C42F78000C39DB6 /* GetAllPokemonResponse.swift */,
			);
			path = ApiResponseType;
			sourceTree = "<group>";
		};
		BF1610432C42F7A300C39DB6 /* DataTypes */ = {
			isa = PBXGroup;
			children = (
				BF1610442C42F7B200C39DB6 /* Pokemon.swift */,
			);
			path = DataTypes;
			sourceTree = "<group>";
		};
		BF5860B12C42E85200D8FD06 /* View */ = {
			isa = PBXGroup;
			children = (
				4C6BDABC2C483E3300AA6CD9 /* FooterLoadingCollectionReusableView.swift */,
				BF7E68C62C4C397C003F28BE /* PokemonDetail */,
				BF7E68C52C4C3973003F28BE /* Pokemon */,
			);
			path = View;
			sourceTree = "<group>";
		};
		BF5860B22C42E95900D8FD06 /* ViewModel */ = {
			isa = PBXGroup;
			children = (
				BF7E68C72C4C5A90003F28BE /* PokemonDetail */,
				BF5860B32C42E97200D8FD06 /* PokemonListViewModel.swift */,
				4C8A9DFA2C457BAC007E31B8 /* PokemonCollectionViewCellViewModel.swift */,
			);
			path = ViewModel;
			sourceTree = "<group>";
		};
		BF7E68C52C4C3973003F28BE /* Pokemon */ = {
			isa = PBXGroup;
			children = (
				BF1610462C4306AA00C39DB6 /* PokemonListView.swift */,
				4C8A9DF82C45749B007E31B8 /* PokemonCollectionViewCell.swift */,
			);
			path = Pokemon;
			sourceTree = "<group>";
		};
		BF7E68C62C4C397C003F28BE /* PokemonDetail */ = {
			isa = PBXGroup;
			children = (
				4C59C9C32C4882260060F88A /* PokemonDetailView.swift */,
				BF7E68CA2C4DA40E003F28BE /* PokemonPhotoCollectionViewCell.swift */,
			);
			path = PokemonDetail;
			sourceTree = "<group>";
		};
		BF7E68C72C4C5A90003F28BE /* PokemonDetail */ = {
			isa = PBXGroup;
			children = (
				4C65260A2C496CB500F1BDBB /* PokemonDetailViewModel.swift */,
				BF7E68C82C4D94C2003F28BE /* PokemonPhotoViewCellViewModel.swift */,
			);
			path = PokemonDetail;
			sourceTree = "<group>";
		};
/* End PBXGroup section */

/* Begin PBXNativeTarget section */
		4C93A9D02C3DAEFE00423493 /* PokedexApi */ = {
			isa = PBXNativeTarget;
			buildConfigurationList = 4C93A9E52C3DAF0000423493 /* Build configuration list for PBXNativeTarget "PokedexApi" */;
			buildPhases = (
				4C93A9CD2C3DAEFE00423493 /* Sources */,
				4C93A9CE2C3DAEFE00423493 /* Frameworks */,
				4C93A9CF2C3DAEFE00423493 /* Resources */,
			);
			buildRules = (
			);
			dependencies = (
			);
			name = PokedexApi;
			productName = PokedexApi;
			productReference = 4C93A9D12C3DAEFE00423493 /* PokedexApi.app */;
			productType = "com.apple.product-type.application";
		};
/* End PBXNativeTarget section */

/* Begin PBXProject section */
		4C93A9C92C3DAEFE00423493 /* Project object */ = {
			isa = PBXProject;
			attributes = {
				BuildIndependentTargetsInParallel = 1;
				LastSwiftUpdateCheck = 1540;
				LastUpgradeCheck = 1540;
				TargetAttributes = {
					4C93A9D02C3DAEFE00423493 = {
						CreatedOnToolsVersion = 15.4;
					};
				};
			};
			buildConfigurationList = 4C93A9CC2C3DAEFE00423493 /* Build configuration list for PBXProject "PokedexApi" */;
			compatibilityVersion = "Xcode 14.0";
			developmentRegion = en;
			hasScannedForEncodings = 0;
			knownRegions = (
				en,
				Base,
			);
			mainGroup = 4C93A9C82C3DAEFE00423493;
			productRefGroup = 4C93A9D22C3DAEFE00423493 /* Products */;
			projectDirPath = "";
			projectRoot = "";
			targets = (
				4C93A9D02C3DAEFE00423493 /* PokedexApi */,
			);
		};
/* End PBXProject section */

/* Begin PBXResourcesBuildPhase section */
		4C93A9CF2C3DAEFE00423493 /* Resources */ = {
			isa = PBXResourcesBuildPhase;
			buildActionMask = 2147483647;
			files = (
				4C93A9DE2C3DAF0000423493 /* Assets.xcassets in Resources */,
				4C93A9E12C3DAF0000423493 /* Base in Resources */,
			);
			runOnlyForDeploymentPostprocessing = 0;
		};
/* End PBXResourcesBuildPhase section */

/* Begin PBXSourcesBuildPhase section */
		4C93A9CD2C3DAEFE00423493 /* Sources */ = {
			isa = PBXSourcesBuildPhase;
			buildActionMask = 2147483647;
			files = (
				BF7E68CB2C4DA40E003F28BE /* PokemonPhotoCollectionViewCell.swift in Sources */,
				BF7E68C92C4D94C2003F28BE /* PokemonPhotoViewCellViewModel.swift in Sources */,
				BF1610422C42F78000C39DB6 /* GetAllPokemonResponse.swift in Sources */,
				4C93A9D92C3DAEFE00423493 /* TabBarViewController.swift in Sources */,
				4C6BDAC12C48453F00AA6CD9 /* PokemonDetailViewController.swift in Sources */,
				4C93A9F12C3DCC2900423493 /* CapturesViewController.swift in Sources */,
				4C8A9DF92C45749B007E31B8 /* PokemonCollectionViewCell.swift in Sources */,
				4C59C9C42C4882260060F88A /* PokemonDetailView.swift in Sources */,
				4C93A9D52C3DAEFE00423493 /* AppDelegate.swift in Sources */,
				4C93A9EF2C3DCC1500423493 /* FavoriteListViewController.swift in Sources */,
				4C93A9EB2C3DCBE200423493 /* PokemonListViewController.swift in Sources */,
				BF21A2152C431A4300705597 /* UIView+Extensions.swift in Sources */,
				4C79AEAA2C40797E0007480E /* ApiService.swift in Sources */,
				4C03BE072C473DD500701FAD /* ImageLoader.swift in Sources */,
				BF1610452C42F7B200C39DB6 /* Pokemon.swift in Sources */,
				4C6BDABD2C483E3300AA6CD9 /* FooterLoadingCollectionReusableView.swift in Sources */,
				4C93A9ED2C3DCBF600423493 /* SettingsViewController.swift in Sources */,
				4C79AEAC2C4080E70007480E /* Request.swift in Sources */,
				BF1610472C4306AA00C39DB6 /* PokemonListView.swift in Sources */,
				4C8A9DFB2C457BAC007E31B8 /* PokemonCollectionViewCellViewModel.swift in Sources */,
				4C93A9D72C3DAEFE00423493 /* SceneDelegate.swift in Sources */,
				4C79AEAE2C4081020007480E /* Endpoint.swift in Sources */,
				BF5860B42C42E97200D8FD06 /* PokemonListViewModel.swift in Sources */,
				4C79AEA72C40501D0007480E /* UIImage+Extensions.swift in Sources */,
				4C65260B2C496CB500F1BDBB /* PokemonDetailViewModel.swift in Sources */,
			);
			runOnlyForDeploymentPostprocessing = 0;
		};
/* End PBXSourcesBuildPhase section */

/* Begin PBXVariantGroup section */
		4C93A9DF2C3DAF0000423493 /* LaunchScreen.storyboard */ = {
			isa = PBXVariantGroup;
			children = (
				4C93A9E02C3DAF0000423493 /* Base */,
			);
			name = LaunchScreen.storyboard;
			sourceTree = "<group>";
		};
/* End PBXVariantGroup section */

/* Begin XCBuildConfiguration section */
		4C93A9E32C3DAF0000423493 /* Debug */ = {
			isa = XCBuildConfiguration;
			buildSettings = {
				ALWAYS_SEARCH_USER_PATHS = NO;
				ASSETCATALOG_COMPILER_GENERATE_SWIFT_ASSET_SYMBOL_EXTENSIONS = YES;
				CLANG_ANALYZER_NONNULL = YES;
				CLANG_ANALYZER_NUMBER_OBJECT_CONVERSION = YES_AGGRESSIVE;
				CLANG_CXX_LANGUAGE_STANDARD = "gnu++20";
				CLANG_ENABLE_MODULES = YES;
				CLANG_ENABLE_OBJC_ARC = YES;
				CLANG_ENABLE_OBJC_WEAK = YES;
				CLANG_WARN_BLOCK_CAPTURE_AUTORELEASING = YES;
				CLANG_WARN_BOOL_CONVERSION = YES;
				CLANG_WARN_COMMA = YES;
				CLANG_WARN_CONSTANT_CONVERSION = YES;
				CLANG_WARN_DEPRECATED_OBJC_IMPLEMENTATIONS = YES;
				CLANG_WARN_DIRECT_OBJC_ISA_USAGE = YES_ERROR;
				CLANG_WARN_DOCUMENTATION_COMMENTS = YES;
				CLANG_WARN_EMPTY_BODY = YES;
				CLANG_WARN_ENUM_CONVERSION = YES;
				CLANG_WARN_INFINITE_RECURSION = YES;
				CLANG_WARN_INT_CONVERSION = YES;
				CLANG_WARN_NON_LITERAL_NULL_CONVERSION = YES;
				CLANG_WARN_OBJC_IMPLICIT_RETAIN_SELF = YES;
				CLANG_WARN_OBJC_LITERAL_CONVERSION = YES;
				CLANG_WARN_OBJC_ROOT_CLASS = YES_ERROR;
				CLANG_WARN_QUOTED_INCLUDE_IN_FRAMEWORK_HEADER = YES;
				CLANG_WARN_RANGE_LOOP_ANALYSIS = YES;
				CLANG_WARN_STRICT_PROTOTYPES = YES;
				CLANG_WARN_SUSPICIOUS_MOVE = YES;
				CLANG_WARN_UNGUARDED_AVAILABILITY = YES_AGGRESSIVE;
				CLANG_WARN_UNREACHABLE_CODE = YES;
				CLANG_WARN__DUPLICATE_METHOD_MATCH = YES;
				COPY_PHASE_STRIP = NO;
				DEBUG_INFORMATION_FORMAT = dwarf;
				ENABLE_STRICT_OBJC_MSGSEND = YES;
				ENABLE_TESTABILITY = YES;
				ENABLE_USER_SCRIPT_SANDBOXING = YES;
				GCC_C_LANGUAGE_STANDARD = gnu17;
				GCC_DYNAMIC_NO_PIC = NO;
				GCC_NO_COMMON_BLOCKS = YES;
				GCC_OPTIMIZATION_LEVEL = 0;
				GCC_PREPROCESSOR_DEFINITIONS = (
					"DEBUG=1",
					"$(inherited)",
				);
				GCC_WARN_64_TO_32_BIT_CONVERSION = YES;
				GCC_WARN_ABOUT_RETURN_TYPE = YES_ERROR;
				GCC_WARN_UNDECLARED_SELECTOR = YES;
				GCC_WARN_UNINITIALIZED_AUTOS = YES_AGGRESSIVE;
				GCC_WARN_UNUSED_FUNCTION = YES;
				GCC_WARN_UNUSED_VARIABLE = YES;
				IPHONEOS_DEPLOYMENT_TARGET = 17.5;
				LOCALIZATION_PREFERS_STRING_CATALOGS = YES;
				MTL_ENABLE_DEBUG_INFO = INCLUDE_SOURCE;
				MTL_FAST_MATH = YES;
				ONLY_ACTIVE_ARCH = YES;
				SDKROOT = iphoneos;
				SWIFT_ACTIVE_COMPILATION_CONDITIONS = "DEBUG $(inherited)";
				SWIFT_OPTIMIZATION_LEVEL = "-Onone";
			};
			name = Debug;
		};
		4C93A9E42C3DAF0000423493 /* Release */ = {
			isa = XCBuildConfiguration;
			buildSettings = {
				ALWAYS_SEARCH_USER_PATHS = NO;
				ASSETCATALOG_COMPILER_GENERATE_SWIFT_ASSET_SYMBOL_EXTENSIONS = YES;
				CLANG_ANALYZER_NONNULL = YES;
				CLANG_ANALYZER_NUMBER_OBJECT_CONVERSION = YES_AGGRESSIVE;
				CLANG_CXX_LANGUAGE_STANDARD = "gnu++20";
				CLANG_ENABLE_MODULES = YES;
				CLANG_ENABLE_OBJC_ARC = YES;
				CLANG_ENABLE_OBJC_WEAK = YES;
				CLANG_WARN_BLOCK_CAPTURE_AUTORELEASING = YES;
				CLANG_WARN_BOOL_CONVERSION = YES;
				CLANG_WARN_COMMA = YES;
				CLANG_WARN_CONSTANT_CONVERSION = YES;
				CLANG_WARN_DEPRECATED_OBJC_IMPLEMENTATIONS = YES;
				CLANG_WARN_DIRECT_OBJC_ISA_USAGE = YES_ERROR;
				CLANG_WARN_DOCUMENTATION_COMMENTS = YES;
				CLANG_WARN_EMPTY_BODY = YES;
				CLANG_WARN_ENUM_CONVERSION = YES;
				CLANG_WARN_INFINITE_RECURSION = YES;
				CLANG_WARN_INT_CONVERSION = YES;
				CLANG_WARN_NON_LITERAL_NULL_CONVERSION = YES;
				CLANG_WARN_OBJC_IMPLICIT_RETAIN_SELF = YES;
				CLANG_WARN_OBJC_LITERAL_CONVERSION = YES;
				CLANG_WARN_OBJC_ROOT_CLASS = YES_ERROR;
				CLANG_WARN_QUOTED_INCLUDE_IN_FRAMEWORK_HEADER = YES;
				CLANG_WARN_RANGE_LOOP_ANALYSIS = YES;
				CLANG_WARN_STRICT_PROTOTYPES = YES;
				CLANG_WARN_SUSPICIOUS_MOVE = YES;
				CLANG_WARN_UNGUARDED_AVAILABILITY = YES_AGGRESSIVE;
				CLANG_WARN_UNREACHABLE_CODE = YES;
				CLANG_WARN__DUPLICATE_METHOD_MATCH = YES;
				COPY_PHASE_STRIP = NO;
				DEBUG_INFORMATION_FORMAT = "dwarf-with-dsym";
				ENABLE_NS_ASSERTIONS = NO;
				ENABLE_STRICT_OBJC_MSGSEND = YES;
				ENABLE_USER_SCRIPT_SANDBOXING = YES;
				GCC_C_LANGUAGE_STANDARD = gnu17;
				GCC_NO_COMMON_BLOCKS = YES;
				GCC_WARN_64_TO_32_BIT_CONVERSION = YES;
				GCC_WARN_ABOUT_RETURN_TYPE = YES_ERROR;
				GCC_WARN_UNDECLARED_SELECTOR = YES;
				GCC_WARN_UNINITIALIZED_AUTOS = YES_AGGRESSIVE;
				GCC_WARN_UNUSED_FUNCTION = YES;
				GCC_WARN_UNUSED_VARIABLE = YES;
				IPHONEOS_DEPLOYMENT_TARGET = 17.5;
				LOCALIZATION_PREFERS_STRING_CATALOGS = YES;
				MTL_ENABLE_DEBUG_INFO = NO;
				MTL_FAST_MATH = YES;
				SDKROOT = iphoneos;
				SWIFT_COMPILATION_MODE = wholemodule;
				VALIDATE_PRODUCT = YES;
			};
			name = Release;
		};
		4C93A9E62C3DAF0000423493 /* Debug */ = {
			isa = XCBuildConfiguration;
			buildSettings = {
				ASSETCATALOG_COMPILER_APPICON_NAME = AppIcon;
				ASSETCATALOG_COMPILER_GLOBAL_ACCENT_COLOR_NAME = AccentColor;
				CODE_SIGN_STYLE = Automatic;
				CURRENT_PROJECT_VERSION = 1;
				DEVELOPMENT_TEAM = 8XX2X7HY7G;
				GENERATE_INFOPLIST_FILE = YES;
				INFOPLIST_FILE = PokedexApi/Info.plist;
				INFOPLIST_KEY_UIApplicationSupportsIndirectInputEvents = YES;
				INFOPLIST_KEY_UILaunchStoryboardName = LaunchScreen;
				INFOPLIST_KEY_UISupportedInterfaceOrientations_iPad = "UIInterfaceOrientationPortrait UIInterfaceOrientationPortraitUpsideDown UIInterfaceOrientationLandscapeLeft UIInterfaceOrientationLandscapeRight";
				INFOPLIST_KEY_UISupportedInterfaceOrientations_iPhone = "UIInterfaceOrientationPortrait UIInterfaceOrientationLandscapeLeft UIInterfaceOrientationLandscapeRight";
				LD_RUNPATH_SEARCH_PATHS = (
					"$(inherited)",
					"@executable_path/Frameworks",
				);
				MARKETING_VERSION = 1.0;
				PRODUCT_BUNDLE_IDENTIFIER = com.personal.PokedexApi;
				PRODUCT_NAME = "$(TARGET_NAME)";
				SWIFT_EMIT_LOC_STRINGS = YES;
				SWIFT_VERSION = 5.0;
				TARGETED_DEVICE_FAMILY = "1,2";
			};
			name = Debug;
		};
		4C93A9E72C3DAF0000423493 /* Release */ = {
			isa = XCBuildConfiguration;
			buildSettings = {
				ASSETCATALOG_COMPILER_APPICON_NAME = AppIcon;
				ASSETCATALOG_COMPILER_GLOBAL_ACCENT_COLOR_NAME = AccentColor;
				CODE_SIGN_STYLE = Automatic;
				CURRENT_PROJECT_VERSION = 1;
				DEVELOPMENT_TEAM = 8XX2X7HY7G;
				GENERATE_INFOPLIST_FILE = YES;
				INFOPLIST_FILE = PokedexApi/Info.plist;
				INFOPLIST_KEY_UIApplicationSupportsIndirectInputEvents = YES;
				INFOPLIST_KEY_UILaunchStoryboardName = LaunchScreen;
				INFOPLIST_KEY_UISupportedInterfaceOrientations_iPad = "UIInterfaceOrientationPortrait UIInterfaceOrientationPortraitUpsideDown UIInterfaceOrientationLandscapeLeft UIInterfaceOrientationLandscapeRight";
				INFOPLIST_KEY_UISupportedInterfaceOrientations_iPhone = "UIInterfaceOrientationPortrait UIInterfaceOrientationLandscapeLeft UIInterfaceOrientationLandscapeRight";
				LD_RUNPATH_SEARCH_PATHS = (
					"$(inherited)",
					"@executable_path/Frameworks",
				);
				MARKETING_VERSION = 1.0;
				PRODUCT_BUNDLE_IDENTIFIER = com.personal.PokedexApi;
				PRODUCT_NAME = "$(TARGET_NAME)";
				SWIFT_EMIT_LOC_STRINGS = YES;
				SWIFT_VERSION = 5.0;
				TARGETED_DEVICE_FAMILY = "1,2";
			};
			name = Release;
		};
/* End XCBuildConfiguration section */

/* Begin XCConfigurationList section */
		4C93A9CC2C3DAEFE00423493 /* Build configuration list for PBXProject "PokedexApi" */ = {
			isa = XCConfigurationList;
			buildConfigurations = (
				4C93A9E32C3DAF0000423493 /* Debug */,
				4C93A9E42C3DAF0000423493 /* Release */,
			);
			defaultConfigurationIsVisible = 0;
			defaultConfigurationName = Release;
		};
		4C93A9E52C3DAF0000423493 /* Build configuration list for PBXNativeTarget "PokedexApi" */ = {
			isa = XCConfigurationList;
			buildConfigurations = (
				4C93A9E62C3DAF0000423493 /* Debug */,
				4C93A9E72C3DAF0000423493 /* Release */,
			);
			defaultConfigurationIsVisible = 0;
			defaultConfigurationName = Release;
		};
/* End XCConfigurationList section */
	};
	rootObject = 4C93A9C92C3DAEFE00423493 /* Project object */;
}
